
Microsoft Visual Studio Solution File, Format Version 12.00
# Visual Studio 14
VisualStudioVersion = 14.0.24720.0
MinimumVisualStudioVersion = 10.0.40219.1
Project("{FAE04EC0-301F-11D3-BF4B-00C04F79EFBC}") = "WRD.Web", "WRD.Web\WRD.Web.csproj", "{CADD7B48-AEDD-4331-88E4-95F25F90D3B3}"
EndProject
Project("{FAE04EC0-301F-11D3-BF4B-00C04F79EFBC}") = "WRD.Model", "WRD.Model\WRD.Model.csproj", "{8DE9B539-397D-43A9-8AD4-F01F25F98859}"
EndProject
Project("{FAE04EC0-301F-11D3-BF4B-00C04F79EFBC}") = "WRD.Service", "WRD.Service\WRD.Service.csproj", "{BB5B0AF9-1DB4-44AA-A0D2-612EFA0DC5C1}"
EndProject
Project("{FAE04EC0-301F-11D3-BF4B-00C04F79EFBC}") = "WRD.DbUtility", "WRD.DbUtility\WRD.DbUtility.csproj", "{CB0D9137-34D5-4468-9D7F-C8F03D0E41D5}"
EndProject
Project("{FAE04EC0-301F-11D3-BF4B-00C04F79EFBC}") = "WRD.Common", "WRD.Common\WRD.Common.csproj", "{52965899-729E-4B43-9E85-7B6E6044DD22}"
EndProject
Project("{2150E333-8FDC-42A3-9474-1A3956D46DE8}") = "0-Resources", "0-Resources", "{D8A17076-EA21-43AD-9D01-6C283C9A9410}"
EndProject
Project("{2150E333-8FDC-42A3-9474-1A3956D46DE8}") = "1-Infrastructure", "1-Infrastructure", "{4BB33C96-7F4B-470B-AA72-1CF019593EE8}"
EndProject
Global
	GlobalSection(SolutionConfigurationPlatforms) = preSolution
		Debug|Any CPU = Debug|Any CPU
		Release|Any CPU = Release|Any CPU
	EndGlobalSection
	GlobalSection(ProjectConfigurationPlatforms) = postSolution
		{CADD7B48-AEDD-4331-88E4-95F25F90D3B3}.Debug|Any CPU.ActiveCfg = Debug|Any CPU
		{CADD7B48-AEDD-4331-88E4-95F25F90D3B3}.Debug|Any CPU.Build.0 = Debug|Any CPU
		{CADD7B48-AEDD-4331-88E4-95F25F90D3B3}.Release|Any CPU.ActiveCfg = Release|Any CPU
		{CADD7B48-AEDD-4331-88E4-95F25F90D3B3}.Release|Any CPU.Build.0 = Release|Any CPU
		{8DE9B539-397D-43A9-8AD4-F01F25F98859}.Debug|Any CPU.ActiveCfg = Debug|Any CPU
		{8DE9B539-397D-43A9-8AD4-F01F25F98859}.Debug|Any CPU.Build.0 = Debug|Any CPU
		{8DE9B539-397D-43A9-8AD4-F01F25F98859}.Release|Any CPU.ActiveCfg = Release|Any CPU
		{8DE9B539-397D-43A9-8AD4-F01F25F98859}.Release|Any CPU.Build.0 = Release|Any CPU
		{BB5B0AF9-1DB4-44AA-A0D2-612EFA0DC5C1}.Debug|Any CPU.ActiveCfg = Debug|Any CPU
		{BB5B0AF9-1DB4-44AA-A0D2-612EFA0DC5C1}.Debug|Any CPU.Build.0 = Debug|Any CPU
		{BB5B0AF9-1DB4-44AA-A0D2-612EFA0DC5C1}.Release|Any CPU.ActiveCfg = Release|Any CPU
		{BB5B0AF9-1DB4-44AA-A0D2-612EFA0DC5C1}.Release|Any CPU.Build.0 = Release|Any CPU
		{CB0D9137-34D5-4468-9D7F-C8F03D0E41D5}.Debug|Any CPU.ActiveCfg = Debug|Any CPU
		{CB0D9137-34D5-4468-9D7F-C8F03D0E41D5}.Debug|Any CPU.Build.0 = Debug|Any CPU
		{CB0D9137-34D5-4468-9D7F-C8F03D0E41D5}.Release|Any CPU.ActiveCfg = Release|Any CPU
		{CB0D9137-34D5-4468-9D7F-C8F03D0E41D5}.Release|Any CPU.Build.0 = Release|Any CPU
		{52965899-729E-4B43-9E85-7B6E6044DD22}.Debug|Any CPU.ActiveCfg = Debug|Any CPU
		{52965899-729E-4B43-9E85-7B6E6044DD22}.Debug|Any CPU.Build.0 = Debug|Any CPU
		{52965899-729E-4B43-9E85-7B6E6044DD22}.Release|Any CPU.ActiveCfg = Release|Any CPU
		{52965899-729E-4B43-9E85-7B6E6044DD22}.Release|Any CPU.Build.0 = Release|Any CPU
	EndGlobalSection
	GlobalSection(SolutionProperties) = preSolution
		HideSolutionNode = FALSE
	EndGlobalSection
EndGlobal
